PODS:
  - AWSCore (2.5.10)
  - AWSS3 (2.5.10):
    - AWSCore (= 2.5.10)
  - AWSSNS (2.5.10):
    - AWSCore (= 2.5.10)
  - STM (0.0.48):
    - AWSCore (~> 2.5)
    - AWSS3 (~> 2.5)
    - AWSSNS (~> 2.5)

DEPENDENCIES:
  - STM (from `../`)

EXTERNAL SOURCES:
  STM:
    :path: ../

SPEC CHECKSUMS:
  AWSCore: 490c988f6af48a10ea113ff06c53a1ef72a3534b
  AWSS3: cd25080951a7637668d4f33393fe24bcb04dfac7
  AWSSNS: 18aa786c94c3d56162521d0020871e60a61c2073
  STM: 00aac4db8e99e99a71d0c26d16de49d029c14f0d

PODFILE CHECKSUM: a5122e996f6721b34923aef14532c64680a9d6be

COCOAPODS: 1.3.1
