PODS:
  - AWSCore (2.6.12)
  - AWSS3 (2.6.12):
    - AWSCore (= 2.6.12)
  - AWSSNS (2.6.12):
    - AWSCore (= 2.6.12)
  - STM (0.2.1):
    - AWSCore (~> 2.6.12)
    - AWSS3 (~> 2.6.12)
    - AWSSNS (~> 2.6.12)

DEPENDENCIES:
  - STM (from `../`)

EXTERNAL SOURCES:
  STM:
    :path: ../

SPEC CHECKSUMS:
  AWSCore: d0d6e4f6831754aaf98058d2306a016ae71510fe
  AWSS3: c35608e0cdd5172f9e1d943221fd5fde01c5f749
  AWSSNS: e0811e07d6b1f0dfefea17bcd45b9b4a5b4b968b
  STM: 91ed79504e67a6aa08371f5bfffbdd34c6ebfc2b

PODFILE CHECKSUM: 9105fe2d3a4217af2cb57509e42f8a9c4386fc70

COCOAPODS: 1.4.0
